
Microsoft Visual Studio Solution File, Format Version 12.00
# Visual Studio 14
VisualStudioVersion = 14.0.25420.1
MinimumVisualStudioVersion = 10.0.40219.1
Project("{FAE04EC0-301F-11D3-BF4B-00C04F79EFBC}") = "Following", "Following\Following.csproj", "{F7CEA2C5-1ADC-4AFE-B499-AA2D51B3B1F4}"
EndProject
Project("{FAE04EC0-301F-11D3-BF4B-00C04F79EFBC}") = "NewsForm", "NewsForm\NewsForm.csproj", "{42DAA179-E9F8-4A39-BE25-9AD6DEA2E1F9}"
EndProject
Global
	GlobalSection(SolutionConfigurationPlatforms) = preSolution
		Debug|Any CPU = Debug|Any CPU
		Release|Any CPU = Release|Any CPU
	EndGlobalSection
	GlobalSection(ProjectConfigurationPlatforms) = postSolution
		{F7CEA2C5-1ADC-4AFE-B499-AA2D51B3B1F4}.Debug|Any CPU.ActiveCfg = Debug|Any CPU
		{F7CEA2C5-1ADC-4AFE-B499-AA2D51B3B1F4}.Debug|Any CPU.Build.0 = Debug|Any CPU
		{F7CEA2C5-1ADC-4AFE-B499-AA2D51B3B1F4}.Release|Any CPU.ActiveCfg = Release|Any CPU
		{F7CEA2C5-1ADC-4AFE-B499-AA2D51B3B1F4}.Release|Any CPU.Build.0 = Release|Any CPU
		{42DAA179-E9F8-4A39-BE25-9AD6DEA2E1F9}.Debug|Any CPU.ActiveCfg = Debug|Any CPU
		{42DAA179-E9F8-4A39-BE25-9AD6DEA2E1F9}.Debug|Any CPU.Build.0 = Debug|Any CPU
		{42DAA179-E9F8-4A39-BE25-9AD6DEA2E1F9}.Release|Any CPU.ActiveCfg = Release|Any CPU
		{42DAA179-E9F8-4A39-BE25-9AD6DEA2E1F9}.Release|Any CPU.Build.0 = Release|Any CPU
	EndGlobalSection
	GlobalSection(SolutionProperties) = preSolution
		HideSolutionNode = FALSE
	EndGlobalSection
EndGlobal
